// !$*UTF8*$!
{
	archiveVersion = 1;
	classes = {
	};
	objectVersion = 52;
	objects = {

/* Begin PBXBuildFile section */
		030E99E025FF1FA3004653D4 /* AttributedStringBuilder in Resources */ = {isa = PBXBuildFile; fileRef = 030E99DF25FF1FA3004653D4 /* AttributedStringBuilder */; };
		03DE43FD25F3EDAC00701DF2 /* AppDelegate.swift in Sources */ = {isa = PBXBuildFile; fileRef = 03DE43FC25F3EDAC00701DF2 /* AppDelegate.swift */; };
		03DE43FF25F3EDAC00701DF2 /* SceneDelegate.swift in Sources */ = {isa = PBXBuildFile; fileRef = 03DE43FE25F3EDAC00701DF2 /* SceneDelegate.swift */; };
		03DE440125F3EDAC00701DF2 /* ViewController.swift in Sources */ = {isa = PBXBuildFile; fileRef = 03DE440025F3EDAC00701DF2 /* ViewController.swift */; };
		03DE440425F3EDAC00701DF2 /* Main.storyboard in Resources */ = {isa = PBXBuildFile; fileRef = 03DE440225F3EDAC00701DF2 /* Main.storyboard */; };
		03DE440625F3EDB400701DF2 /* Assets.xcassets in Resources */ = {isa = PBXBuildFile; fileRef = 03DE440525F3EDB400701DF2 /* Assets.xcassets */; };
		03DE440925F3EDB400701DF2 /* LaunchScreen.storyboard in Resources */ = {isa = PBXBuildFile; fileRef = 03DE440725F3EDB400701DF2 /* LaunchScreen.storyboard */; };
		03DE441325F3EE6200701DF2 /* AttributedStringBuilder in Frameworks */ = {isa = PBXBuildFile; productRef = 03DE441225F3EE6200701DF2 /* AttributedStringBuilder */; };
/* End PBXBuildFile section */

/* Begin PBXFileReference section */
		030E99DF25FF1FA3004653D4 /* AttributedStringBuilder */ = {isa = PBXFileReference; lastKnownFileType = folder; name = AttributedStringBuilder; path = ..; sourceTree = "<group>"; };
		03DE43F925F3EDAC00701DF2 /* AttributedStringBuilderExample.app */ = {isa = PBXFileReference; explicitFileType = wrapper.application; includeInIndex = 0; path = AttributedStringBuilderExample.app; sourceTree = BUILT_PRODUCTS_DIR; };
		03DE43FC25F3EDAC00701DF2 /* AppDelegate.swift */ = {isa = PBXFileReference; lastKnownFileType = sourcecode.swift; path = AppDelegate.swift; sourceTree = "<group>"; };
		03DE43FE25F3EDAC00701DF2 /* SceneDelegate.swift */ = {isa = PBXFileReference; lastKnownFileType = sourcecode.swift; path = SceneDelegate.swift; sourceTree = "<group>"; };
		03DE440025F3EDAC00701DF2 /* ViewController.swift */ = {isa = PBXFileReference; lastKnownFileType = sourcecode.swift; path = ViewController.swift; sourceTree = "<group>"; };
		03DE440325F3EDAC00701DF2 /* Base */ = {isa = PBXFileReference; lastKnownFileType = file.storyboard; name = Base; path = Base.lproj/Main.storyboard; sourceTree = "<group>"; };
		03DE440525F3EDB400701DF2 /* Assets.xcassets */ = {isa = PBXFileReference; lastKnownFileType = folder.assetcatalog; path = Assets.xcassets; sourceTree = "<group>"; };
		03DE440825F3EDB400701DF2 /* Base */ = {isa = PBXFileReference; lastKnownFileType = file.storyboard; name = Base; path = Base.lproj/LaunchScreen.storyboard; sourceTree = "<group>"; };
		03DE440A25F3EDB400701DF2 /* Info.plist */ = {isa = PBXFileReference; lastKnownFileType = text.plist.xml; path = Info.plist; sourceTree = "<group>"; };
/* End PBXFileReference section */

/* Begin PBXFrameworksBuildPhase section */
		03DE43F625F3EDAC00701DF2 /* Frameworks */ = {
			isa = PBXFrameworksBuildPhase;
			buildActionMask = 2147483647;
			files = (
				03DE441325F3EE6200701DF2 /* AttributedStringBuilder in Frameworks */,
			);
			runOnlyForDeploymentPostprocessing = 0;
		};
/* End PBXFrameworksBuildPhase section */

/* Begin PBXGroup section */
		03DE43F025F3EDAC00701DF2 = {
			isa = PBXGroup;
			children = (
				030E99DF25FF1FA3004653D4 /* AttributedStringBuilder */,
				03DE43FB25F3EDAC00701DF2 /* AttributedStringBuilderExample */,
				03DE43FA25F3EDAC00701DF2 /* Products */,
				03DE441125F3EE6200701DF2 /* Frameworks */,
			);
			sourceTree = "<group>";
		};
		03DE43FA25F3EDAC00701DF2 /* Products */ = {
			isa = PBXGroup;
			children = (
				03DE43F925F3EDAC00701DF2 /* AttributedStringBuilderExample.app */,
			);
			name = Products;
			sourceTree = "<group>";
		};
		03DE43FB25F3EDAC00701DF2 /* AttributedStringBuilderExample */ = {
			isa = PBXGroup;
			children = (
				03DE43FC25F3EDAC00701DF2 /* AppDelegate.swift */,
				03DE43FE25F3EDAC00701DF2 /* SceneDelegate.swift */,
				03DE440025F3EDAC00701DF2 /* ViewController.swift */,
				03DE440225F3EDAC00701DF2 /* Main.storyboard */,
				03DE440525F3EDB400701DF2 /* Assets.xcassets */,
				03DE440725F3EDB400701DF2 /* LaunchScreen.storyboard */,
				03DE440A25F3EDB400701DF2 /* Info.plist */,
			);
			path = AttributedStringBuilderExample;
			sourceTree = "<group>";
		};
		03DE441125F3EE6200701DF2 /* Frameworks */ = {
			isa = PBXGroup;
			children = (
			);
			name = Frameworks;
			sourceTree = "<group>";
		};
/* End PBXGroup section */

/* Begin PBXNativeTarget section */
		03DE43F825F3EDAC00701DF2 /* AttributedStringBuilderExample */ = {
			isa = PBXNativeTarget;
			buildConfigurationList = 03DE440D25F3EDB400701DF2 /* Build configuration list for PBXNativeTarget "AttributedStringBuilderExample" */;
			buildPhases = (
				03DE43F525F3EDAC00701DF2 /* Sources */,
				03DE43F625F3EDAC00701DF2 /* Frameworks */,
				03DE43F725F3EDAC00701DF2 /* Resources */,
			);
			buildRules = (
			);
			dependencies = (
			);
			name = AttributedStringBuilderExample;
			packageProductDependencies = (
				03DE441225F3EE6200701DF2 /* AttributedStringBuilder */,
			);
			productName = AttributedStringBuilderExample;
			productReference = 03DE43F925F3EDAC00701DF2 /* AttributedStringBuilderExample.app */;
			productType = "com.apple.product-type.application";
		};
/* End PBXNativeTarget section */

/* Begin PBXProject section */
		03DE43F125F3EDAC00701DF2 /* Project object */ = {
			isa = PBXProject;
			attributes = {
				LastSwiftUpdateCheck = 1250;
				LastUpgradeCheck = 1250;
				TargetAttributes = {
					03DE43F825F3EDAC00701DF2 = {
						CreatedOnToolsVersion = 12.5;
					};
				};
			};
			buildConfigurationList = 03DE43F425F3EDAC00701DF2 /* Build configuration list for PBXProject "AttributedStringBuilderExample" */;
			compatibilityVersion = "Xcode 9.3";
			developmentRegion = en;
			hasScannedForEncodings = 0;
			knownRegions = (
				en,
				Base,
			);
			mainGroup = 03DE43F025F3EDAC00701DF2;
			productRefGroup = 03DE43FA25F3EDAC00701DF2 /* Products */;
			projectDirPath = "";
			projectRoot = "";
			targets = (
				03DE43F825F3EDAC00701DF2 /* AttributedStringBuilderExample */,
			);
		};
/* End PBXProject section */

/* Begin PBXResourcesBuildPhase section */
		03DE43F725F3EDAC00701DF2 /* Resources */ = {
			isa = PBXResourcesBuildPhase;
			buildActionMask = 2147483647;
			files = (
				03DE440925F3EDB400701DF2 /* LaunchScreen.storyboard in Resources */,
				030E99E025FF1FA3004653D4 /* AttributedStringBuilder in Resources */,
				03DE440625F3EDB400701DF2 /* Assets.xcassets in Resources */,
				03DE440425F3EDAC00701DF2 /* Main.storyboard in Resources */,
			);
			runOnlyForDeploymentPostprocessing = 0;
		};
/* End PBXResourcesBuildPhase section */

/* Begin PBXSourcesBuildPhase section */
		03DE43F525F3EDAC00701DF2 /* Sources */ = {
			isa = PBXSourcesBuildPhase;
			buildActionMask = 2147483647;
			files = (
				03DE440125F3EDAC00701DF2 /* ViewController.swift in Sources */,
				03DE43FD25F3EDAC00701DF2 /* AppDelegate.swift in Sources */,
				03DE43FF25F3EDAC00701DF2 /* SceneDelegate.swift in Sources */,
			);
			runOnlyForDeploymentPostprocessing = 0;
		};
/* End PBXSourcesBuildPhase section */

/* Begin PBXVariantGroup section */
		03DE440225F3EDAC00701DF2 /* Main.storyboard */ = {
			isa = PBXVariantGroup;
			children = (
				03DE440325F3EDAC00701DF2 /* Base */,
			);
			name = Main.storyboard;
			sourceTree = "<group>";
		};
		03DE440725F3EDB400701DF2 /* LaunchScreen.storyboard */ = {
			isa = PBXVariantGroup;
			children = (
				03DE440825F3EDB400701DF2 /* Base */,
			);
			name = LaunchScreen.storyboard;
			sourceTree = "<group>";
		};
/* End PBXVariantGroup section */

/* Begin XCBuildConfiguration section */
		03DE440B25F3EDB400701DF2 /* Debug */ = {
			isa = XCBuildConfiguration;
			buildSettings = {
				ALWAYS_SEARCH_USER_PATHS = NO;
				CLANG_ANALYZER_NONNULL = YES;
				CLANG_ANALYZER_NUMBER_OBJECT_CONVERSION = YES_AGGRESSIVE;
				CLANG_CXX_LANGUAGE_STANDARD = "gnu++14";
				CLANG_CXX_LIBRARY = "libc++";
				CLANG_ENABLE_MODULES = YES;
				CLANG_ENABLE_OBJC_ARC = YES;
				CLANG_ENABLE_OBJC_WEAK = YES;
				CLANG_WARN_BLOCK_CAPTURE_AUTORELEASING = YES;
				CLANG_WARN_BOOL_CONVERSION = YES;
				CLANG_WARN_COMMA = YES;
				CLANG_WARN_CONSTANT_CONVERSION = YES;
				CLANG_WARN_DEPRECATED_OBJC_IMPLEMENTATIONS = YES;
				CLANG_WARN_DIRECT_OBJC_ISA_USAGE = YES_ERROR;
				CLANG_WARN_DOCUMENTATION_COMMENTS = YES;
				CLANG_WARN_EMPTY_BODY = YES;
				CLANG_WARN_ENUM_CONVERSION = YES;
				CLANG_WARN_INFINITE_RECURSION = YES;
				CLANG_WARN_INT_CONVERSION = YES;
				CLANG_WARN_NON_LITERAL_NULL_CONVERSION = YES;
				CLANG_WARN_OBJC_IMPLICIT_RETAIN_SELF = YES;
				CLANG_WARN_OBJC_LITERAL_CONVERSION = YES;
				CLANG_WARN_OBJC_ROOT_CLASS = YES_ERROR;
				CLANG_WARN_QUOTED_INCLUDE_IN_FRAMEWORK_HEADER = YES;
				CLANG_WARN_RANGE_LOOP_ANALYSIS = YES;
				CLANG_WARN_STRICT_PROTOTYPES = YES;
				CLANG_WARN_SUSPICIOUS_MOVE = YES;
				CLANG_WARN_UNGUARDED_AVAILABILITY = YES_AGGRESSIVE;
				CLANG_WARN_UNREACHABLE_CODE = YES;
				CLANG_WARN__DUPLICATE_METHOD_MATCH = YES;
				COPY_PHASE_STRIP = NO;
				DEBUG_INFORMATION_FORMAT = dwarf;
				ENABLE_STRICT_OBJC_MSGSEND = YES;
				ENABLE_TESTABILITY = YES;
				GCC_C_LANGUAGE_STANDARD = gnu11;
				GCC_DYNAMIC_NO_PIC = NO;
				GCC_NO_COMMON_BLOCKS = YES;
				GCC_OPTIMIZATION_LEVEL = 0;
				GCC_PREPROCESSOR_DEFINITIONS = (
					"DEBUG=1",
					"$(inherited)",
				);
				GCC_WARN_64_TO_32_BIT_CONVERSION = YES;
				GCC_WARN_ABOUT_RETURN_TYPE = YES_ERROR;
				GCC_WARN_UNDECLARED_SELECTOR = YES;
				GCC_WARN_UNINITIALIZED_AUTOS = YES_AGGRESSIVE;
				GCC_WARN_UNUSED_FUNCTION = YES;
				GCC_WARN_UNUSED_VARIABLE = YES;
				IPHONEOS_DEPLOYMENT_TARGET = 14.5;
				MTL_ENABLE_DEBUG_INFO = INCLUDE_SOURCE;
				MTL_FAST_MATH = YES;
				ONLY_ACTIVE_ARCH = YES;
				SDKROOT = iphoneos;
				SWIFT_ACTIVE_COMPILATION_CONDITIONS = DEBUG;
				SWIFT_OPTIMIZATION_LEVEL = "-Onone";
			};
			name = Debug;
		};
		03DE440C25F3EDB400701DF2 /* Release */ = {
			isa = XCBuildConfiguration;
			buildSettings = {
				ALWAYS_SEARCH_USER_PATHS = NO;
				CLANG_ANALYZER_NONNULL = YES;
				CLANG_ANALYZER_NUMBER_OBJECT_CONVERSION = YES_AGGRESSIVE;
				CLANG_CXX_LANGUAGE_STANDARD = "gnu++14";
				CLANG_CXX_LIBRARY = "libc++";
				CLANG_ENABLE_MODULES = YES;
				CLANG_ENABLE_OBJC_ARC = YES;
				CLANG_ENABLE_OBJC_WEAK = YES;
				CLANG_WARN_BLOCK_CAPTURE_AUTORELEASING = YES;
				CLANG_WARN_BOOL_CONVERSION = YES;
				CLANG_WARN_COMMA = YES;
				CLANG_WARN_CONSTANT_CONVERSION = YES;
				CLANG_WARN_DEPRECATED_OBJC_IMPLEMENTATIONS = YES;
				CLANG_WARN_DIRECT_OBJC_ISA_USAGE = YES_ERROR;
				CLANG_WARN_DOCUMENTATION_COMMENTS = YES;
				CLANG_WARN_EMPTY_BODY = YES;
				CLANG_WARN_ENUM_CONVERSION = YES;
				CLANG_WARN_INFINITE_RECURSION = YES;
				CLANG_WARN_INT_CONVERSION = YES;
				CLANG_WARN_NON_LITERAL_NULL_CONVERSION = YES;
				CLANG_WARN_OBJC_IMPLICIT_RETAIN_SELF = YES;
				CLANG_WARN_OBJC_LITERAL_CONVERSION = YES;
				CLANG_WARN_OBJC_ROOT_CLASS = YES_ERROR;
				CLANG_WARN_QUOTED_INCLUDE_IN_FRAMEWORK_HEADER = YES;
				CLANG_WARN_RANGE_LOOP_ANALYSIS = YES;
				CLANG_WARN_STRICT_PROTOTYPES = YES;
				CLANG_WARN_SUSPICIOUS_MOVE = YES;
				CLANG_WARN_UNGUARDED_AVAILABILITY = YES_AGGRESSIVE;
				CLANG_WARN_UNREACHABLE_CODE = YES;
				CLANG_WARN__DUPLICATE_METHOD_MATCH = YES;
				COPY_PHASE_STRIP = NO;
				DEBUG_INFORMATION_FORMAT = "dwarf-with-dsym";
				ENABLE_NS_ASSERTIONS = NO;
				ENABLE_STRICT_OBJC_MSGSEND = YES;
				GCC_C_LANGUAGE_STANDARD = gnu11;
				GCC_NO_COMMON_BLOCKS = YES;
				GCC_WARN_64_TO_32_BIT_CONVERSION = YES;
				GCC_WARN_ABOUT_RETURN_TYPE = YES_ERROR;
				GCC_WARN_UNDECLARED_SELECTOR = YES;
				GCC_WARN_UNINITIALIZED_AUTOS = YES_AGGRESSIVE;
				GCC_WARN_UNUSED_FUNCTION = YES;
				GCC_WARN_UNUSED_VARIABLE = YES;
				IPHONEOS_DEPLOYMENT_TARGET = 14.5;
				MTL_ENABLE_DEBUG_INFO = NO;
				MTL_FAST_MATH = YES;
				SDKROOT = iphoneos;
				SWIFT_COMPILATION_MODE = wholemodule;
				SWIFT_OPTIMIZATION_LEVEL = "-O";
				VALIDATE_PRODUCT = YES;
			};
			name = Release;
		};
		03DE440E25F3EDB400701DF2 /* Debug */ = {
			isa = XCBuildConfiguration;
			buildSettings = {
				ASSETCATALOG_COMPILER_APPICON_NAME = AppIcon;
				ASSETCATALOG_COMPILER_GLOBAL_ACCENT_COLOR_NAME = AccentColor;
				CODE_SIGN_STYLE = Automatic;
				DEVELOPMENT_TEAM = L4WMJSL77G;
				INFOPLIST_FILE = AttributedStringBuilderExample/Info.plist;
				LD_RUNPATH_SEARCH_PATHS = (
					"$(inherited)",
					"@executable_path/Frameworks",
				);
				PRODUCT_BUNDLE_IDENTIFIER = joshhomann.AttributedStringBuilderExample;
				PRODUCT_NAME = "$(TARGET_NAME)";
				SWIFT_VERSION = 5.0;
				TARGETED_DEVICE_FAMILY = "1,2";
			};
			name = Debug;
		};
		03DE440F25F3EDB400701DF2 /* Release */ = {
			isa = XCBuildConfiguration;
			buildSettings = {
				ASSETCATALOG_COMPILER_APPICON_NAME = AppIcon;
				ASSETCATALOG_COMPILER_GLOBAL_ACCENT_COLOR_NAME = AccentColor;
				CODE_SIGN_STYLE = Automatic;
				DEVELOPMENT_TEAM = L4WMJSL77G;
				INFOPLIST_FILE = AttributedStringBuilderExample/Info.plist;
				LD_RUNPATH_SEARCH_PATHS = (
					"$(inherited)",
					"@executable_path/Frameworks",
				);
				PRODUCT_BUNDLE_IDENTIFIER = joshhomann.AttributedStringBuilderExample;
				PRODUCT_NAME = "$(TARGET_NAME)";
				SWIFT_VERSION = 5.0;
				TARGETED_DEVICE_FAMILY = "1,2";
			};
			name = Release;
		};
/* End XCBuildConfiguration section */

/* Begin XCConfigurationList section */
		03DE43F425F3EDAC00701DF2 /* Build configuration list for PBXProject "AttributedStringBuilderExample" */ = {
			isa = XCConfigurationList;
			buildConfigurations = (
				03DE440B25F3EDB400701DF2 /* Debug */,
				03DE440C25F3EDB400701DF2 /* Release */,
			);
			defaultConfigurationIsVisible = 0;
			defaultConfigurationName = Release;
		};
		03DE440D25F3EDB400701DF2 /* Build configuration list for PBXNativeTarget "AttributedStringBuilderExample" */ = {
			isa = XCConfigurationList;
			buildConfigurations = (
				03DE440E25F3EDB400701DF2 /* Debug */,
				03DE440F25F3EDB400701DF2 /* Release */,
			);
			defaultConfigurationIsVisible = 0;
			defaultConfigurationName = Release;
		};
/* End XCConfigurationList section */

/* Begin XCSwiftPackageProductDependency section */
		03DE441225F3EE6200701DF2 /* AttributedStringBuilder */ = {
			isa = XCSwiftPackageProductDependency;
			productName = AttributedStringBuilder;
		};
/* End XCSwiftPackageProductDependency section */
	};
	rootObject = 03DE43F125F3EDAC00701DF2 /* Project object */;
}
